# THIS IS AN AUTOGENERATED FILE. DO NOT EDIT THIS FILE DIRECTLY.
# yarn lockfile v1


"@babel/runtime@^7.20.13", "@babel/runtime@^7.20.6":
  version "7.21.0"
  resolved "https://registry.yarnpkg.com/@babel/runtime/-/runtime-7.21.0.tgz#5b55c9d394e5fcf304909a8b00c07dc217b56673"
  integrity sha512-xwII0//EObnq89Ji5AKYQaRYiW/nZ3llSv29d49IuxPhKbtJoLP+9QUUZ4nVragQVtaVGeZrpB+ZtG/Pdy/POw==
  dependencies:
    regenerator-runtime "^0.13.11"

"@noble/hashes@1.2.0":
  version "1.2.0"
  resolved "https://registry.yarnpkg.com/@noble/hashes/-/hashes-1.2.0.tgz#a3150eeb09cc7ab207ebf6d7b9ad311a9bdbed12"
  integrity sha512-FZfhjEDbT5GRswV3C6uvLPHMiVD6lQBmpoX5+eSiPaMTXte/IKqI5dykDxzZB/WBeK/CDuQRBWarPdi3FNY2zQ==

"@noble/secp256k1@1.7.1":
  version "1.7.1"
  resolved "https://registry.yarnpkg.com/@noble/secp256k1/-/secp256k1-1.7.1.tgz#b251c70f824ce3ca7f8dc3df08d58f005cc0507c"
  integrity sha512-hOUk6AyBFmqVrv7k5WAw/LpszxVbj9gGN4JRkIX52fdFAj1UA61KXmZDvqVEm+pOyec3+fIeZB02LYa/pWOArw==

"@polkadot/networks@10.4.2":
  version "10.4.2"
  resolved "https://registry.yarnpkg.com/@polkadot/networks/-/networks-10.4.2.tgz#d7878c6aad8173c800a21140bfe5459261724456"
  integrity sha512-FAh/znrEvWBiA/LbcT5GXHsCFUl//y9KqxLghSr/CreAmAergiJNT0MVUezC7Y36nkATgmsr4ylFwIxhVtuuCw==
  dependencies:
    "@babel/runtime" "^7.20.13"
    "@polkadot/util" "10.4.2"
    "@substrate/ss58-registry" "^1.38.0"

"@polkadot/util-crypto@^10.4.2":
  version "10.4.2"
  resolved "https://registry.yarnpkg.com/@polkadot/util-crypto/-/util-crypto-10.4.2.tgz#871fb69c65768bd48c57bb5c1f76a85d979fb8b5"
  integrity sha512-RxZvF7C4+EF3fzQv8hZOLrYCBq5+wA+2LWv98nECkroChY3C2ZZvyWDqn8+aonNULt4dCVTWDZM0QIY6y4LUAQ==
  dependencies:
    "@babel/runtime" "^7.20.13"
    "@noble/hashes" "1.2.0"
    "@noble/secp256k1" "1.7.1"
    "@polkadot/networks" "10.4.2"
    "@polkadot/util" "10.4.2"
    "@polkadot/wasm-crypto" "^6.4.1"
    "@polkadot/x-bigint" "10.4.2"
    "@polkadot/x-randomvalues" "10.4.2"
    "@scure/base" "1.1.1"
    ed2curve "^0.3.0"
    tweetnacl "^1.0.3"

"@polkadot/util@10.4.2":
  version "10.4.2"
  resolved "https://registry.yarnpkg.com/@polkadot/util/-/util-10.4.2.tgz#df41805cb27f46b2b4dad24c371fa2a68761baa1"
  integrity sha512-0r5MGICYiaCdWnx+7Axlpvzisy/bi1wZGXgCSw5+ZTyPTOqvsYRqM2X879yxvMsGfibxzWqNzaiVjToz1jvUaA==
  dependencies:
    "@babel/runtime" "^7.20.13"
    "@polkadot/x-bigint" "10.4.2"
    "@polkadot/x-global" "10.4.2"
    "@polkadot/x-textdecoder" "10.4.2"
    "@polkadot/x-textencoder" "10.4.2"
    "@types/bn.js" "^5.1.1"
    bn.js "^5.2.1"

"@polkadot/wasm-bridge@6.4.1":
  version "6.4.1"
  resolved "https://registry.yarnpkg.com/@polkadot/wasm-bridge/-/wasm-bridge-6.4.1.tgz#e97915dd67ba543ec3381299c2a5b9330686e27e"
  integrity sha512-QZDvz6dsUlbYsaMV5biZgZWkYH9BC5AfhT0f0/knv8+LrbAoQdP3Asbvddw8vyU9sbpuCHXrd4bDLBwUCRfrBQ==
  dependencies:
    "@babel/runtime" "^7.20.6"

"@polkadot/wasm-crypto-asmjs@6.4.1":
  version "6.4.1"
  resolved "https://registry.yarnpkg.com/@polkadot/wasm-crypto-asmjs/-/wasm-crypto-asmjs-6.4.1.tgz#3cc76bbda5ea4a7a860982c64f9565907b312253"
  integrity sha512-UxZTwuBZlnODGIQdCsE2Sn/jU0O2xrNQ/TkhRFELfkZXEXTNu4lw6NpaKq7Iey4L+wKd8h4lT3VPVkMcPBLOvA==
  dependencies:
    "@babel/runtime" "^7.20.6"

"@polkadot/wasm-crypto-init@6.4.1":
  version "6.4.1"
  resolved "https://registry.yarnpkg.com/@polkadot/wasm-crypto-init/-/wasm-crypto-init-6.4.1.tgz#4d9ab0030db52cf177bf707ef8e77aa4ca721668"
  integrity sha512-1ALagSi/nfkyFaH6JDYfy/QbicVbSn99K8PV9rctDUfxc7P06R7CoqbjGQ4OMPX6w1WYVPU7B4jPHGLYBlVuMw==
  dependencies:
    "@babel/runtime" "^7.20.6"
    "@polkadot/wasm-bridge" "6.4.1"
    "@polkadot/wasm-crypto-asmjs" "6.4.1"
    "@polkadot/wasm-crypto-wasm" "6.4.1"

"@polkadot/wasm-crypto-wasm@6.4.1":
  version "6.4.1"
  resolved "https://registry.yarnpkg.com/@polkadot/wasm-crypto-wasm/-/wasm-crypto-wasm-6.4.1.tgz#97180f80583b18f6a13c1054fa5f7e8da40b1028"
  integrity sha512-3VV9ZGzh0ZY3SmkkSw+0TRXxIpiO0nB8lFwlRgcwaCihwrvLfRnH9GI8WE12mKsHVjWTEVR3ogzILJxccAUjDA==
  dependencies:
    "@babel/runtime" "^7.20.6"
    "@polkadot/wasm-util" "6.4.1"

"@polkadot/wasm-crypto@^6.4.1":
  version "6.4.1"
  resolved "https://registry.yarnpkg.com/@polkadot/wasm-crypto/-/wasm-crypto-6.4.1.tgz#79310e23ad1ca62362ba893db6a8567154c2536a"
  integrity sha512-FH+dcDPdhSLJvwL0pMLtn/LIPd62QDPODZRCmDyw+pFjLOMaRBc7raomWUOqyRWJTnqVf/iscc2rLVLNMyt7ag==
  dependencies:
    "@babel/runtime" "^7.20.6"
    "@polkadot/wasm-bridge" "6.4.1"
    "@polkadot/wasm-crypto-asmjs" "6.4.1"
    "@polkadot/wasm-crypto-init" "6.4.1"
    "@polkadot/wasm-crypto-wasm" "6.4.1"
    "@polkadot/wasm-util" "6.4.1"

"@polkadot/wasm-util@6.4.1":
  version "6.4.1"
  resolved "https://registry.yarnpkg.com/@polkadot/wasm-util/-/wasm-util-6.4.1.tgz#74aecc85bec427a9225d9874685944ea3dc3ab76"
  integrity sha512-Uwo+WpEsDmFExWC5kTNvsVhvqXMZEKf4gUHXFn4c6Xz4lmieRT5g+1bO1KJ21pl4msuIgdV3Bksfs/oiqMFqlw==
  dependencies:
    "@babel/runtime" "^7.20.6"

"@polkadot/x-bigint@10.4.2":
  version "10.4.2"
  resolved "https://registry.yarnpkg.com/@polkadot/x-bigint/-/x-bigint-10.4.2.tgz#7eb2ec732259df48b5a00f07879a1331e05606ec"
  integrity sha512-awRiox+/XSReLzimAU94fPldowiwnnMUkQJe8AebYhNocAj6SJU00GNoj6j6tAho6yleOwrTJXZaWFBaQVJQNg==
  dependencies:
    "@babel/runtime" "^7.20.13"
    "@polkadot/x-global" "10.4.2"

"@polkadot/x-global@10.4.2":
  version "10.4.2"
  resolved "https://registry.yarnpkg.com/@polkadot/x-global/-/x-global-10.4.2.tgz#5662366e3deda0b4c8f024b2d902fa838f9e60a4"
  integrity sha512-g6GXHD/ykZvHap3M6wh19dO70Zm43l4jEhlxf5LtTo5/0/UporFCXr2YJYZqfbn9JbQwl1AU+NroYio+vtJdiA==
  dependencies:
    "@babel/runtime" "^7.20.13"

"@polkadot/x-randomvalues@10.4.2":
  version "10.4.2"
  resolved "https://registry.yarnpkg.com/@polkadot/x-randomvalues/-/x-randomvalues-10.4.2.tgz#895f1220d5a4522a83d8d5014e3c1e03b129893e"
  integrity sha512-mf1Wbpe7pRZHO0V3V89isPLqZOy5XGX2bCqsfUWHgb1NvV1MMx5TjVjdaYyNlGTiOkAmJKlOHshcfPU2sYWpNg==
  dependencies:
    "@babel/runtime" "^7.20.13"
    "@polkadot/x-global" "10.4.2"

"@polkadot/x-textdecoder@10.4.2":
  version "10.4.2"
  resolved "https://registry.yarnpkg.com/@polkadot/x-textdecoder/-/x-textdecoder-10.4.2.tgz#93202f3e5ad0e7f75a3fa02d2b8a3343091b341b"
  integrity sha512-d3ADduOKUTU+cliz839+KCFmi23pxTlabH7qh7Vs1GZQvXOELWdqFOqakdiAjtMn68n1KVF4O14Y+OUm7gp/zA==
  dependencies:
    "@babel/runtime" "^7.20.13"
    "@polkadot/x-global" "10.4.2"

"@polkadot/x-textencoder@10.4.2":
  version "10.4.2"
  resolved "https://registry.yarnpkg.com/@polkadot/x-textencoder/-/x-textencoder-10.4.2.tgz#cd2e6c8a66b0b400a73f0164e99c510fb5c83501"
  integrity sha512-mxcQuA1exnyv74Kasl5vxBq01QwckG088lYjc3KwmND6+pPrW2OWagbxFX5VFoDLDAE+UJtnUHsjdWyOTDhpQA==
  dependencies:
    "@babel/runtime" "^7.20.13"
    "@polkadot/x-global" "10.4.2"

"@scure/base@1.1.1":
  version "1.1.1"
  resolved "https://registry.yarnpkg.com/@scure/base/-/base-1.1.1.tgz#ebb651ee52ff84f420097055f4bf46cfba403938"
  integrity sha512-ZxOhsSyxYwLJj3pLZCefNitxsj093tb2vq90mp2txoYeBqbcjDjqFhyM8eUjq/uFm6zJ+mUuqxlS2FkuSY1MTA==

"@substrate/ss58-registry@^1.38.0":
  version "1.39.0"
  resolved "https://registry.yarnpkg.com/@substrate/ss58-registry/-/ss58-registry-1.39.0.tgz#eb916ff5fea7fa02e77745823fde21af979273d2"
  integrity sha512-qZYpuE6n+mwew+X71dOur/CbMXj6rNW27o63JeJwdQH/GvcSKm3JLNhd+bGzwUKg0D/zD30Qc6p4JykArzM+tA==

"@types/bn.js@^5.1.1":
  version "5.1.1"
  resolved "https://registry.yarnpkg.com/@types/bn.js/-/bn.js-5.1.1.tgz#b51e1b55920a4ca26e9285ff79936bbdec910682"
  integrity sha512-qNrYbZqMx0uJAfKnKclPh+dTwK33KfLHYqtyODwd5HnXOjnkhc4qgn3BrK6RWyGZm5+sIFE7Q7Vz6QQtJB7w7g==
  dependencies:
    "@types/node" "*"

"@types/node@*":
  version "18.14.2"
  resolved "https://registry.yarnpkg.com/@types/node/-/node-18.14.2.tgz#c076ed1d7b6095078ad3cf21dfeea951842778b1"
  integrity sha512-1uEQxww3DaghA0RxqHx0O0ppVlo43pJhepY51OxuQIKHpjbnYLA7vcdwioNPzIqmC2u3I/dmylcqjlh0e7AyUA==

bn.js@^5.2.1:
  version "5.2.1"
  resolved "https://registry.yarnpkg.com/bn.js/-/bn.js-5.2.1.tgz#0bc527a6a0d18d0aa8d5b0538ce4a77dccfa7b70"
  integrity sha512-eXRvHzWyYPBuB4NBy0cmYQjGitUrtqwbvlzP3G6VFnNRbsZQIxQ10PbKKHt8gZ/HW/D/747aDl+QkDqg3KQLMQ==

commander@^10.0.0:
  version "10.0.0"
  resolved "https://registry.yarnpkg.com/commander/-/commander-10.0.0.tgz#71797971162cd3cf65f0b9d24eb28f8d303acdf1"
  integrity sha512-zS5PnTI22FIRM6ylNW8G4Ap0IEOyk62fhLSD0+uHRT9McRCLGpkVNvao4bjimpK/GShynyQkFFxHhwMcETmduA==

ed2curve@^0.3.0:
  version "0.3.0"
  resolved "https://registry.yarnpkg.com/ed2curve/-/ed2curve-0.3.0.tgz#322b575152a45305429d546b071823a93129a05d"
  integrity sha512-8w2fmmq3hv9rCrcI7g9hms2pMunQr1JINfcjwR9tAyZqhtyaMN991lF/ZfHfr5tzZQ8c7y7aBgZbjfbd0fjFwQ==
  dependencies:
    tweetnacl "1.x.x"

regenerator-runtime@^0.13.11:
  version "0.13.11"
  resolved "https://registry.yarnpkg.com/regenerator-runtime/-/regenerator-runtime-0.13.11.tgz#f6dca3e7ceec20590d07ada785636a90cdca17f9"
  integrity sha512-kY1AZVr2Ra+t+piVaJ4gxaFaReZVH40AKNo7UCX6W+dEwBo/2oZJzqfuN1qLq1oL45o56cPaTXELwrTh8Fpggg==

tweetnacl@1.x.x, tweetnacl@^1.0.3:
  version "1.0.3"
  resolved "https://registry.yarnpkg.com/tweetnacl/-/tweetnacl-1.0.3.tgz#ac0af71680458d8a6378d0d0d050ab1407d35596"
  integrity sha512-6rt+RN7aOi1nGMyC4Xa5DdYiukl2UWCbcJft7YhxReBGQD7OAM8Pbxw6YMo4r2diNEA8FEmu32YOn9rhaiE5yw==
